
Microsoft Visual Studio Solution File, Format Version 12.00
# Visual Studio Version 16
VisualStudioVersion = 16.0.30611.23
MinimumVisualStudioVersion = 10.0.40219.1
Project("{8BC9CEB8-8B4A-11D0-8D11-00A0C91BC942}") = "Project Main", "Project Main\Project Main.vcxproj", "{55608AF0-6612-46DE-B9C4-9221250E8EFA}"
EndProject
Project("{8BC9CEB8-8B4A-11D0-8D11-00A0C91BC942}") = "Project 9 A", "Project 9 A\Project 9 A.vcxproj", "{B64F11AB-6A19-4DB9-ACEA-1118A5046924}"
EndProject
Project("{8BC9CEB8-8B4A-11D0-8D11-00A0C91BC942}") = "Project 9 B", "Project 9 B\Project 9 B.vcxproj", "{1BE61B1B-BFEA-4192-B1C2-0D4CC0B18FFA}"
EndProject
Global
	GlobalSection(SolutionConfigurationPlatforms) = preSolution
		Debug|x64 = Debug|x64
		Debug|x86 = Debug|x86
		Release|x64 = Release|x64
		Release|x86 = Release|x86
	EndGlobalSection
	GlobalSection(ProjectConfigurationPlatforms) = postSolution
		{55608AF0-6612-46DE-B9C4-9221250E8EFA}.Debug|x64.ActiveCfg = Debug|x64
		{55608AF0-6612-46DE-B9C4-9221250E8EFA}.Debug|x64.Build.0 = Debug|x64
		{55608AF0-6612-46DE-B9C4-9221250E8EFA}.Debug|x86.ActiveCfg = Debug|Win32
		{55608AF0-6612-46DE-B9C4-9221250E8EFA}.Debug|x86.Build.0 = Debug|Win32
		{55608AF0-6612-46DE-B9C4-9221250E8EFA}.Release|x64.ActiveCfg = Release|x64
		{55608AF0-6612-46DE-B9C4-9221250E8EFA}.Release|x64.Build.0 = Release|x64
		{55608AF0-6612-46DE-B9C4-9221250E8EFA}.Release|x86.ActiveCfg = Release|Win32
		{55608AF0-6612-46DE-B9C4-9221250E8EFA}.Release|x86.Build.0 = Release|Win32
		{B64F11AB-6A19-4DB9-ACEA-1118A5046924}.Debug|x64.ActiveCfg = Debug|x64
		{B64F11AB-6A19-4DB9-ACEA-1118A5046924}.Debug|x64.Build.0 = Debug|x64
		{B64F11AB-6A19-4DB9-ACEA-1118A5046924}.Debug|x86.ActiveCfg = Debug|Win32
		{B64F11AB-6A19-4DB9-ACEA-1118A5046924}.Debug|x86.Build.0 = Debug|Win32
		{B64F11AB-6A19-4DB9-ACEA-1118A5046924}.Release|x64.ActiveCfg = Release|x64
		{B64F11AB-6A19-4DB9-ACEA-1118A5046924}.Release|x64.Build.0 = Release|x64
		{B64F11AB-6A19-4DB9-ACEA-1118A5046924}.Release|x86.ActiveCfg = Release|Win32
		{B64F11AB-6A19-4DB9-ACEA-1118A5046924}.Release|x86.Build.0 = Release|Win32
		{1BE61B1B-BFEA-4192-B1C2-0D4CC0B18FFA}.Debug|x64.ActiveCfg = Debug|x64
		{1BE61B1B-BFEA-4192-B1C2-0D4CC0B18FFA}.Debug|x64.Build.0 = Debug|x64
		{1BE61B1B-BFEA-4192-B1C2-0D4CC0B18FFA}.Debug|x86.ActiveCfg = Debug|Win32
		{1BE61B1B-BFEA-4192-B1C2-0D4CC0B18FFA}.Debug|x86.Build.0 = Debug|Win32
		{1BE61B1B-BFEA-4192-B1C2-0D4CC0B18FFA}.Release|x64.ActiveCfg = Release|x64
		{1BE61B1B-BFEA-4192-B1C2-0D4CC0B18FFA}.Release|x64.Build.0 = Release|x64
		{1BE61B1B-BFEA-4192-B1C2-0D4CC0B18FFA}.Release|x86.ActiveCfg = Release|Win32
		{1BE61B1B-BFEA-4192-B1C2-0D4CC0B18FFA}.Release|x86.Build.0 = Release|Win32
	EndGlobalSection
	GlobalSection(SolutionProperties) = preSolution
		HideSolutionNode = FALSE
	EndGlobalSection
	GlobalSection(ExtensibilityGlobals) = postSolution
		SolutionGuid = {E23EBFEA-BFD3-4E78-9E85-5BE984B22FD7}
	EndGlobalSection
EndGlobal
