
Microsoft Visual Studio Solution File, Format Version 12.00
# Visual Studio Version 16
VisualStudioVersion = 16.0.30611.23
MinimumVisualStudioVersion = 10.0.40219.1
Project("{8BC9CEB8-8B4A-11D0-8D11-00A0C91BC942}") = "Main", "Main\Main.vcxproj", "{97229AB4-23C5-44A0-80AC-05AB56084D18}"
EndProject
Project("{8BC9CEB8-8B4A-11D0-8D11-00A0C91BC942}") = "7 А", "7 А\7 А.vcxproj", "{8EDD85C6-7794-4712-BCA7-EA23BA525140}"
EndProject
Global
	GlobalSection(SolutionConfigurationPlatforms) = preSolution
		Debug|x64 = Debug|x64
		Debug|x86 = Debug|x86
		Release|x64 = Release|x64
		Release|x86 = Release|x86
	EndGlobalSection
	GlobalSection(ProjectConfigurationPlatforms) = postSolution
		{97229AB4-23C5-44A0-80AC-05AB56084D18}.Debug|x64.ActiveCfg = Debug|x64
		{97229AB4-23C5-44A0-80AC-05AB56084D18}.Debug|x64.Build.0 = Debug|x64
		{97229AB4-23C5-44A0-80AC-05AB56084D18}.Debug|x86.ActiveCfg = Debug|Win32
		{97229AB4-23C5-44A0-80AC-05AB56084D18}.Debug|x86.Build.0 = Debug|Win32
		{97229AB4-23C5-44A0-80AC-05AB56084D18}.Release|x64.ActiveCfg = Release|x64
		{97229AB4-23C5-44A0-80AC-05AB56084D18}.Release|x64.Build.0 = Release|x64
		{97229AB4-23C5-44A0-80AC-05AB56084D18}.Release|x86.ActiveCfg = Release|Win32
		{97229AB4-23C5-44A0-80AC-05AB56084D18}.Release|x86.Build.0 = Release|Win32
		{8EDD85C6-7794-4712-BCA7-EA23BA525140}.Debug|x64.ActiveCfg = Debug|x64
		{8EDD85C6-7794-4712-BCA7-EA23BA525140}.Debug|x64.Build.0 = Debug|x64
		{8EDD85C6-7794-4712-BCA7-EA23BA525140}.Debug|x86.ActiveCfg = Debug|Win32
		{8EDD85C6-7794-4712-BCA7-EA23BA525140}.Debug|x86.Build.0 = Debug|Win32
		{8EDD85C6-7794-4712-BCA7-EA23BA525140}.Release|x64.ActiveCfg = Release|x64
		{8EDD85C6-7794-4712-BCA7-EA23BA525140}.Release|x64.Build.0 = Release|x64
		{8EDD85C6-7794-4712-BCA7-EA23BA525140}.Release|x86.ActiveCfg = Release|Win32
		{8EDD85C6-7794-4712-BCA7-EA23BA525140}.Release|x86.Build.0 = Release|Win32
	EndGlobalSection
	GlobalSection(SolutionProperties) = preSolution
		HideSolutionNode = FALSE
	EndGlobalSection
	GlobalSection(ExtensibilityGlobals) = postSolution
		SolutionGuid = {DCB3AD97-12DE-4583-98D3-3F47D2C61FCE}
	EndGlobalSection
EndGlobal
